
Microsoft Visual Studio Solution File, Format Version 12.00
# Visual Studio Version 17
VisualStudioVersion = 17.3.32825.248
MinimumVisualStudioVersion = 10.0.40219.1
Project("{FAE04EC0-301F-11D3-BF4B-00C04F79EFBC}") = "AdventOfCode2023", "AdventOfCode2023\AdventOfCode2023.csproj", "{2C1FA0E1-7D5E-4FAA-91ED-6BB56E541A97}"
EndProject
Global
	GlobalSection(SolutionConfigurationPlatforms) = preSolution
		Debug|Any CPU = Debug|Any CPU
		Release|Any CPU = Release|Any CPU
	EndGlobalSection
	GlobalSection(ProjectConfigurationPlatforms) = postSolution
		{2C1FA0E1-7D5E-4FAA-91ED-6BB56E541A97}.Debug|Any CPU.ActiveCfg = Debug|Any CPU
		{2C1FA0E1-7D5E-4FAA-91ED-6BB56E541A97}.Debug|Any CPU.Build.0 = Debug|Any CPU
		{2C1FA0E1-7D5E-4FAA-91ED-6BB56E541A97}.Release|Any CPU.ActiveCfg = Release|Any CPU
		{2C1FA0E1-7D5E-4FAA-91ED-6BB56E541A97}.Release|Any CPU.Build.0 = Release|Any CPU
	EndGlobalSection
	GlobalSection(SolutionProperties) = preSolution
		HideSolutionNode = FALSE
	EndGlobalSection
	GlobalSection(ExtensibilityGlobals) = postSolution
		SolutionGuid = {FE3DC6C5-8A1B-4667-A4E7-EE4D0325CED4}
	EndGlobalSection
EndGlobal
